
Microsoft Visual Studio Solution File, Format Version 12.00
# Visual Studio Version 16
VisualStudioVersion = 16.0.29519.161
MinimumVisualStudioVersion = 10.0.40219.1
Project("{2150E333-8FDC-42A3-9474-1A3956D46DE8}") = "src", "src", "{B28C8079-3739-4E30-BCFC-AB129906F3E5}"
EndProject
Project("{9A19103F-16F7-4668-BE54-9A1E7A4F7556}") = "Resillience.SmsService.Abstractions", "src\Resillience.SmsService.Abstractions\Resillience.SmsService.Abstractions.csproj", "{C31C54E6-B471-4E3A-8118-10CD17068660}"
EndProject
Project("{9A19103F-16F7-4668-BE54-9A1E7A4F7556}") = "Resillience.SmsService.Api", "src\Resillience.SmsService.Api\Resillience.SmsService.Api.csproj", "{53A8C2DE-EA56-491C-9629-00231524FD13}"
EndProject
Project("{9A19103F-16F7-4668-BE54-9A1E7A4F7556}") = "Resillience.SmsService.AliSms.SDK", "src\Resillience.SmsService.AliSms.SDK\Resillience.SmsService.AliSms.SDK.csproj", "{369ECEE6-68ED-4EA0-B838-C813EEF72156}"
EndProject
Project("{2150E333-8FDC-42A3-9474-1A3956D46DE8}") = "tests", "tests", "{4FF176F3-D81B-41DC-BC30-9D3316876D77}"
EndProject
Project("{FAE04EC0-301F-11D3-BF4B-00C04F79EFBC}") = "AliSms.SDK.Tests", "tests\AliSms.SDK.Tests\AliSms.SDK.Tests.csproj", "{89CB9D17-F90B-4CF2-9977-EFA8C7E75B2D}"
EndProject
Project("{FAE04EC0-301F-11D3-BF4B-00C04F79EFBC}") = "Resillience.SmsService.TencentSms.SDK", "src\Resillience.SmsService.TencentSms.SDK\Resillience.SmsService.TencentSms.SDK.csproj", "{C1FE391F-A10C-4D46-A95F-B750DFE5F1D9}"
EndProject
Global
	GlobalSection(SolutionConfigurationPlatforms) = preSolution
		Debug|Any CPU = Debug|Any CPU
		Release|Any CPU = Release|Any CPU
	EndGlobalSection
	GlobalSection(ProjectConfigurationPlatforms) = postSolution
		{C31C54E6-B471-4E3A-8118-10CD17068660}.Debug|Any CPU.ActiveCfg = Debug|Any CPU
		{C31C54E6-B471-4E3A-8118-10CD17068660}.Debug|Any CPU.Build.0 = Debug|Any CPU
		{C31C54E6-B471-4E3A-8118-10CD17068660}.Release|Any CPU.ActiveCfg = Release|Any CPU
		{C31C54E6-B471-4E3A-8118-10CD17068660}.Release|Any CPU.Build.0 = Release|Any CPU
		{53A8C2DE-EA56-491C-9629-00231524FD13}.Debug|Any CPU.ActiveCfg = Debug|Any CPU
		{53A8C2DE-EA56-491C-9629-00231524FD13}.Debug|Any CPU.Build.0 = Debug|Any CPU
		{53A8C2DE-EA56-491C-9629-00231524FD13}.Release|Any CPU.ActiveCfg = Release|Any CPU
		{53A8C2DE-EA56-491C-9629-00231524FD13}.Release|Any CPU.Build.0 = Release|Any CPU
		{369ECEE6-68ED-4EA0-B838-C813EEF72156}.Debug|Any CPU.ActiveCfg = Debug|Any CPU
		{369ECEE6-68ED-4EA0-B838-C813EEF72156}.Debug|Any CPU.Build.0 = Debug|Any CPU
		{369ECEE6-68ED-4EA0-B838-C813EEF72156}.Release|Any CPU.ActiveCfg = Release|Any CPU
		{369ECEE6-68ED-4EA0-B838-C813EEF72156}.Release|Any CPU.Build.0 = Release|Any CPU
		{89CB9D17-F90B-4CF2-9977-EFA8C7E75B2D}.Debug|Any CPU.ActiveCfg = Debug|Any CPU
		{89CB9D17-F90B-4CF2-9977-EFA8C7E75B2D}.Debug|Any CPU.Build.0 = Debug|Any CPU
		{89CB9D17-F90B-4CF2-9977-EFA8C7E75B2D}.Release|Any CPU.ActiveCfg = Release|Any CPU
		{89CB9D17-F90B-4CF2-9977-EFA8C7E75B2D}.Release|Any CPU.Build.0 = Release|Any CPU
		{C1FE391F-A10C-4D46-A95F-B750DFE5F1D9}.Debug|Any CPU.ActiveCfg = Debug|Any CPU
		{C1FE391F-A10C-4D46-A95F-B750DFE5F1D9}.Debug|Any CPU.Build.0 = Debug|Any CPU
		{C1FE391F-A10C-4D46-A95F-B750DFE5F1D9}.Release|Any CPU.ActiveCfg = Release|Any CPU
		{C1FE391F-A10C-4D46-A95F-B750DFE5F1D9}.Release|Any CPU.Build.0 = Release|Any CPU
	EndGlobalSection
	GlobalSection(SolutionProperties) = preSolution
		HideSolutionNode = FALSE
	EndGlobalSection
	GlobalSection(NestedProjects) = preSolution
		{C31C54E6-B471-4E3A-8118-10CD17068660} = {B28C8079-3739-4E30-BCFC-AB129906F3E5}
		{53A8C2DE-EA56-491C-9629-00231524FD13} = {B28C8079-3739-4E30-BCFC-AB129906F3E5}
		{369ECEE6-68ED-4EA0-B838-C813EEF72156} = {B28C8079-3739-4E30-BCFC-AB129906F3E5}
		{89CB9D17-F90B-4CF2-9977-EFA8C7E75B2D} = {4FF176F3-D81B-41DC-BC30-9D3316876D77}
		{C1FE391F-A10C-4D46-A95F-B750DFE5F1D9} = {B28C8079-3739-4E30-BCFC-AB129906F3E5}
	EndGlobalSection
	GlobalSection(ExtensibilityGlobals) = postSolution
		SolutionGuid = {38AE0669-3C93-45C8-826A-D740B8A74541}
	EndGlobalSection
EndGlobal
