
Microsoft Visual Studio Solution File, Format Version 12.00
# Visual Studio Version 16
VisualStudioVersion = 16.0.29519.161
MinimumVisualStudioVersion = 10.0.40219.1
Project("{9A19103F-16F7-4668-BE54-9A1E7A4F7556}") = "ServiceA", "ServiceA\ServiceA.csproj", "{8062A7F5-11E3-4681-B921-B570B246F2E1}"
EndProject
Project("{9A19103F-16F7-4668-BE54-9A1E7A4F7556}") = "Resillience.Consul", "Resillience.Consul\Resillience.Consul.csproj", "{65A2B4DE-4B5D-44AF-8CDA-207131DD42DD}"
EndProject
Project("{9A19103F-16F7-4668-BE54-9A1E7A4F7556}") = "Core", "Core\Core.csproj", "{4C97C0BB-3DD0-4F6B-A377-6F14EE4F8AB8}"
EndProject
Project("{9A19103F-16F7-4668-BE54-9A1E7A4F7556}") = "Resillience.ServiceDiscovery", "Resillience.ServiceDiscovery\Resillience.ServiceDiscovery.csproj", "{E6C13721-83BB-4CA3-92BC-068179BB227E}"
EndProject
Project("{2150E333-8FDC-42A3-9474-1A3956D46DE8}") = "test", "test", "{1F333341-EEFF-4F23-8A07-7E8AC529F948}"
EndProject
Project("{9A19103F-16F7-4668-BE54-9A1E7A4F7556}") = "MicService.Tests", "test\MicService.Tests\MicService.Tests.csproj", "{A372FC67-104D-46BE-B988-03E936AB914A}"
EndProject
Project("{9A19103F-16F7-4668-BE54-9A1E7A4F7556}") = "MicService.TestConsole", "test\MicService.TestConsole\MicService.TestConsole.csproj", "{F3160477-F50B-4ED2-9655-CE65B787E8E9}"
EndProject
Project("{9A19103F-16F7-4668-BE54-9A1E7A4F7556}") = "ApiGateway", "ApiGateway\ApiGateway.csproj", "{6B28645A-BD9E-4221-AAFC-313160CB4278}"
EndProject
Project("{9A19103F-16F7-4668-BE54-9A1E7A4F7556}") = "Resilience.Swagger", "Resilience.Swagger\Resilience.Swagger.csproj", "{DF891345-02F7-42C1-9589-2B33F21A1E1D}"
EndProject
Project("{9A19103F-16F7-4668-BE54-9A1E7A4F7556}") = "Resillience.Util", "Resillience.Util\Resillience.Util.csproj", "{647C8E49-483F-41CB-8AD8-4C0053ACCAF8}"
EndProject
Project("{9A19103F-16F7-4668-BE54-9A1E7A4F7556}") = "Resillience.EventBus", "Resillience.EventBus\Resillience.EventBus.csproj", "{AECFBD87-DD42-48BD-AE94-EAD536D6292E}"
EndProject
Project("{9A19103F-16F7-4668-BE54-9A1E7A4F7556}") = "Resillience.Redis", "Resillience.Redis\Resillience.Redis.csproj", "{D0DF2256-8BE6-4963-B26E-9AEAE0CAAF2D}"
EndProject
Project("{9A19103F-16F7-4668-BE54-9A1E7A4F7556}") = "Resilience.Zeus", "Resilience.Zeus\Resilience.Zeus.csproj", "{E8F5D987-7D88-4434-8BE8-DD1F37A3E27D}"
EndProject
Project("{9A19103F-16F7-4668-BE54-9A1E7A4F7556}") = "Resillience", "Resillience\Resillience.csproj", "{BBA345F0-CC1B-47D0-B8DF-A9F0C59D5C5E}"
EndProject
Project("{9A19103F-16F7-4668-BE54-9A1E7A4F7556}") = "Resillience.Logger", "Resillience.Logger\Resillience.Logger.csproj", "{A76A8B02-D34F-4DB5-B318-697A3CC9460C}"
EndProject
Project("{9A19103F-16F7-4668-BE54-9A1E7A4F7556}") = "Resillience.EventBus.RabbitMQ", "Resillience.EventBus.RabbitMQ\Resillience.EventBus.RabbitMQ.csproj", "{8CCD0860-EB40-4432-92CF-74D39C2C3E5A}"
EndProject
Project("{9A19103F-16F7-4668-BE54-9A1E7A4F7556}") = "ServiceB", "ServiceB\ServiceB.csproj", "{17059C4A-43AC-4267-95D9-4A3D4536DE87}"
EndProject
Project("{9A19103F-16F7-4668-BE54-9A1E7A4F7556}") = "DockerApi", "DockerApi\DockerApi.csproj", "{468A5122-86BC-4D50-97FE-950913AF3835}"
EndProject
Project("{9A19103F-16F7-4668-BE54-9A1E7A4F7556}") = "DockerTest", "DockerTest\DockerTest.csproj", "{DBBA34B9-1DFB-4C5C-B2B4-7757A8F4DFF5}"
EndProject
Project("{9A19103F-16F7-4668-BE54-9A1E7A4F7556}") = "DockerConsole", "DockerConsole\DockerConsole.csproj", "{F40A19DD-E2DD-4360-B9A5-C18CB924744D}"
EndProject
Project("{9A19103F-16F7-4668-BE54-9A1E7A4F7556}") = "Resilience.Rpc", "Resilience.Rpc\Resilience.Rpc.csproj", "{760C916A-00AF-4D56-9CE1-F70A663182B7}"
EndProject
Project("{FAE04EC0-301F-11D3-BF4B-00C04F79EFBC}") = "Resilience.Event.IntegrationEventLog", "Resilience.Event.IntegrationEventLog\Resilience.Event.IntegrationEventLog.csproj", "{C940BE33-8EE7-4977-A203-CBF740334C08}"
EndProject
Global
	GlobalSection(SolutionConfigurationPlatforms) = preSolution
		Debug|Any CPU = Debug|Any CPU
		Release|Any CPU = Release|Any CPU
	EndGlobalSection
	GlobalSection(ProjectConfigurationPlatforms) = postSolution
		{8062A7F5-11E3-4681-B921-B570B246F2E1}.Debug|Any CPU.ActiveCfg = Debug|Any CPU
		{8062A7F5-11E3-4681-B921-B570B246F2E1}.Debug|Any CPU.Build.0 = Debug|Any CPU
		{8062A7F5-11E3-4681-B921-B570B246F2E1}.Release|Any CPU.ActiveCfg = Release|Any CPU
		{8062A7F5-11E3-4681-B921-B570B246F2E1}.Release|Any CPU.Build.0 = Release|Any CPU
		{65A2B4DE-4B5D-44AF-8CDA-207131DD42DD}.Debug|Any CPU.ActiveCfg = Debug|Any CPU
		{65A2B4DE-4B5D-44AF-8CDA-207131DD42DD}.Debug|Any CPU.Build.0 = Debug|Any CPU
		{65A2B4DE-4B5D-44AF-8CDA-207131DD42DD}.Release|Any CPU.ActiveCfg = Release|Any CPU
		{65A2B4DE-4B5D-44AF-8CDA-207131DD42DD}.Release|Any CPU.Build.0 = Release|Any CPU
		{4C97C0BB-3DD0-4F6B-A377-6F14EE4F8AB8}.Debug|Any CPU.ActiveCfg = Debug|Any CPU
		{4C97C0BB-3DD0-4F6B-A377-6F14EE4F8AB8}.Debug|Any CPU.Build.0 = Debug|Any CPU
		{4C97C0BB-3DD0-4F6B-A377-6F14EE4F8AB8}.Release|Any CPU.ActiveCfg = Release|Any CPU
		{4C97C0BB-3DD0-4F6B-A377-6F14EE4F8AB8}.Release|Any CPU.Build.0 = Release|Any CPU
		{E6C13721-83BB-4CA3-92BC-068179BB227E}.Debug|Any CPU.ActiveCfg = Debug|Any CPU
		{E6C13721-83BB-4CA3-92BC-068179BB227E}.Debug|Any CPU.Build.0 = Debug|Any CPU
		{E6C13721-83BB-4CA3-92BC-068179BB227E}.Release|Any CPU.ActiveCfg = Release|Any CPU
		{E6C13721-83BB-4CA3-92BC-068179BB227E}.Release|Any CPU.Build.0 = Release|Any CPU
		{A372FC67-104D-46BE-B988-03E936AB914A}.Debug|Any CPU.ActiveCfg = Debug|Any CPU
		{A372FC67-104D-46BE-B988-03E936AB914A}.Debug|Any CPU.Build.0 = Debug|Any CPU
		{A372FC67-104D-46BE-B988-03E936AB914A}.Release|Any CPU.ActiveCfg = Release|Any CPU
		{A372FC67-104D-46BE-B988-03E936AB914A}.Release|Any CPU.Build.0 = Release|Any CPU
		{F3160477-F50B-4ED2-9655-CE65B787E8E9}.Debug|Any CPU.ActiveCfg = Debug|Any CPU
		{F3160477-F50B-4ED2-9655-CE65B787E8E9}.Debug|Any CPU.Build.0 = Debug|Any CPU
		{F3160477-F50B-4ED2-9655-CE65B787E8E9}.Release|Any CPU.ActiveCfg = Release|Any CPU
		{F3160477-F50B-4ED2-9655-CE65B787E8E9}.Release|Any CPU.Build.0 = Release|Any CPU
		{6B28645A-BD9E-4221-AAFC-313160CB4278}.Debug|Any CPU.ActiveCfg = Debug|Any CPU
		{6B28645A-BD9E-4221-AAFC-313160CB4278}.Debug|Any CPU.Build.0 = Debug|Any CPU
		{6B28645A-BD9E-4221-AAFC-313160CB4278}.Release|Any CPU.ActiveCfg = Release|Any CPU
		{6B28645A-BD9E-4221-AAFC-313160CB4278}.Release|Any CPU.Build.0 = Release|Any CPU
		{DF891345-02F7-42C1-9589-2B33F21A1E1D}.Debug|Any CPU.ActiveCfg = Debug|Any CPU
		{DF891345-02F7-42C1-9589-2B33F21A1E1D}.Debug|Any CPU.Build.0 = Debug|Any CPU
		{DF891345-02F7-42C1-9589-2B33F21A1E1D}.Release|Any CPU.ActiveCfg = Release|Any CPU
		{DF891345-02F7-42C1-9589-2B33F21A1E1D}.Release|Any CPU.Build.0 = Release|Any CPU
		{647C8E49-483F-41CB-8AD8-4C0053ACCAF8}.Debug|Any CPU.ActiveCfg = Debug|Any CPU
		{647C8E49-483F-41CB-8AD8-4C0053ACCAF8}.Debug|Any CPU.Build.0 = Debug|Any CPU
		{647C8E49-483F-41CB-8AD8-4C0053ACCAF8}.Release|Any CPU.ActiveCfg = Release|Any CPU
		{647C8E49-483F-41CB-8AD8-4C0053ACCAF8}.Release|Any CPU.Build.0 = Release|Any CPU
		{AECFBD87-DD42-48BD-AE94-EAD536D6292E}.Debug|Any CPU.ActiveCfg = Debug|Any CPU
		{AECFBD87-DD42-48BD-AE94-EAD536D6292E}.Debug|Any CPU.Build.0 = Debug|Any CPU
		{AECFBD87-DD42-48BD-AE94-EAD536D6292E}.Release|Any CPU.ActiveCfg = Release|Any CPU
		{AECFBD87-DD42-48BD-AE94-EAD536D6292E}.Release|Any CPU.Build.0 = Release|Any CPU
		{D0DF2256-8BE6-4963-B26E-9AEAE0CAAF2D}.Debug|Any CPU.ActiveCfg = Debug|Any CPU
		{D0DF2256-8BE6-4963-B26E-9AEAE0CAAF2D}.Debug|Any CPU.Build.0 = Debug|Any CPU
		{D0DF2256-8BE6-4963-B26E-9AEAE0CAAF2D}.Release|Any CPU.ActiveCfg = Release|Any CPU
		{D0DF2256-8BE6-4963-B26E-9AEAE0CAAF2D}.Release|Any CPU.Build.0 = Release|Any CPU
		{E8F5D987-7D88-4434-8BE8-DD1F37A3E27D}.Debug|Any CPU.ActiveCfg = Debug|Any CPU
		{E8F5D987-7D88-4434-8BE8-DD1F37A3E27D}.Debug|Any CPU.Build.0 = Debug|Any CPU
		{E8F5D987-7D88-4434-8BE8-DD1F37A3E27D}.Release|Any CPU.ActiveCfg = Release|Any CPU
		{E8F5D987-7D88-4434-8BE8-DD1F37A3E27D}.Release|Any CPU.Build.0 = Release|Any CPU
		{BBA345F0-CC1B-47D0-B8DF-A9F0C59D5C5E}.Debug|Any CPU.ActiveCfg = Debug|Any CPU
		{BBA345F0-CC1B-47D0-B8DF-A9F0C59D5C5E}.Debug|Any CPU.Build.0 = Debug|Any CPU
		{BBA345F0-CC1B-47D0-B8DF-A9F0C59D5C5E}.Release|Any CPU.ActiveCfg = Release|Any CPU
		{BBA345F0-CC1B-47D0-B8DF-A9F0C59D5C5E}.Release|Any CPU.Build.0 = Release|Any CPU
		{A76A8B02-D34F-4DB5-B318-697A3CC9460C}.Debug|Any CPU.ActiveCfg = Debug|Any CPU
		{A76A8B02-D34F-4DB5-B318-697A3CC9460C}.Debug|Any CPU.Build.0 = Debug|Any CPU
		{A76A8B02-D34F-4DB5-B318-697A3CC9460C}.Release|Any CPU.ActiveCfg = Release|Any CPU
		{A76A8B02-D34F-4DB5-B318-697A3CC9460C}.Release|Any CPU.Build.0 = Release|Any CPU
		{8CCD0860-EB40-4432-92CF-74D39C2C3E5A}.Debug|Any CPU.ActiveCfg = Debug|Any CPU
		{8CCD0860-EB40-4432-92CF-74D39C2C3E5A}.Debug|Any CPU.Build.0 = Debug|Any CPU
		{8CCD0860-EB40-4432-92CF-74D39C2C3E5A}.Release|Any CPU.ActiveCfg = Release|Any CPU
		{8CCD0860-EB40-4432-92CF-74D39C2C3E5A}.Release|Any CPU.Build.0 = Release|Any CPU
		{17059C4A-43AC-4267-95D9-4A3D4536DE87}.Debug|Any CPU.ActiveCfg = Debug|Any CPU
		{17059C4A-43AC-4267-95D9-4A3D4536DE87}.Debug|Any CPU.Build.0 = Debug|Any CPU
		{17059C4A-43AC-4267-95D9-4A3D4536DE87}.Release|Any CPU.ActiveCfg = Release|Any CPU
		{17059C4A-43AC-4267-95D9-4A3D4536DE87}.Release|Any CPU.Build.0 = Release|Any CPU
		{468A5122-86BC-4D50-97FE-950913AF3835}.Debug|Any CPU.ActiveCfg = Debug|Any CPU
		{468A5122-86BC-4D50-97FE-950913AF3835}.Debug|Any CPU.Build.0 = Debug|Any CPU
		{468A5122-86BC-4D50-97FE-950913AF3835}.Release|Any CPU.ActiveCfg = Release|Any CPU
		{468A5122-86BC-4D50-97FE-950913AF3835}.Release|Any CPU.Build.0 = Release|Any CPU
		{DBBA34B9-1DFB-4C5C-B2B4-7757A8F4DFF5}.Debug|Any CPU.ActiveCfg = Debug|Any CPU
		{DBBA34B9-1DFB-4C5C-B2B4-7757A8F4DFF5}.Debug|Any CPU.Build.0 = Debug|Any CPU
		{DBBA34B9-1DFB-4C5C-B2B4-7757A8F4DFF5}.Release|Any CPU.ActiveCfg = Release|Any CPU
		{DBBA34B9-1DFB-4C5C-B2B4-7757A8F4DFF5}.Release|Any CPU.Build.0 = Release|Any CPU
		{F40A19DD-E2DD-4360-B9A5-C18CB924744D}.Debug|Any CPU.ActiveCfg = Debug|Any CPU
		{F40A19DD-E2DD-4360-B9A5-C18CB924744D}.Debug|Any CPU.Build.0 = Debug|Any CPU
		{F40A19DD-E2DD-4360-B9A5-C18CB924744D}.Release|Any CPU.ActiveCfg = Release|Any CPU
		{F40A19DD-E2DD-4360-B9A5-C18CB924744D}.Release|Any CPU.Build.0 = Release|Any CPU
		{760C916A-00AF-4D56-9CE1-F70A663182B7}.Debug|Any CPU.ActiveCfg = Debug|Any CPU
		{760C916A-00AF-4D56-9CE1-F70A663182B7}.Debug|Any CPU.Build.0 = Debug|Any CPU
		{760C916A-00AF-4D56-9CE1-F70A663182B7}.Release|Any CPU.ActiveCfg = Release|Any CPU
		{760C916A-00AF-4D56-9CE1-F70A663182B7}.Release|Any CPU.Build.0 = Release|Any CPU
		{C940BE33-8EE7-4977-A203-CBF740334C08}.Debug|Any CPU.ActiveCfg = Debug|Any CPU
		{C940BE33-8EE7-4977-A203-CBF740334C08}.Debug|Any CPU.Build.0 = Debug|Any CPU
		{C940BE33-8EE7-4977-A203-CBF740334C08}.Release|Any CPU.ActiveCfg = Release|Any CPU
		{C940BE33-8EE7-4977-A203-CBF740334C08}.Release|Any CPU.Build.0 = Release|Any CPU
	EndGlobalSection
	GlobalSection(SolutionProperties) = preSolution
		HideSolutionNode = FALSE
	EndGlobalSection
	GlobalSection(NestedProjects) = preSolution
		{A372FC67-104D-46BE-B988-03E936AB914A} = {1F333341-EEFF-4F23-8A07-7E8AC529F948}
		{F3160477-F50B-4ED2-9655-CE65B787E8E9} = {1F333341-EEFF-4F23-8A07-7E8AC529F948}
	EndGlobalSection
	GlobalSection(ExtensibilityGlobals) = postSolution
		SolutionGuid = {FDF3BC57-E08E-43AA-BF06-A2E3628E75CA}
	EndGlobalSection
EndGlobal
