
Microsoft Visual Studio Solution File, Format Version 12.00
# Visual Studio Version 16
VisualStudioVersion = 16.0.28922.388
MinimumVisualStudioVersion = 10.0.40219.1
Project("{9A19103F-16F7-4668-BE54-9A1E7A4F7556}") = "User.API", "User.API\User.API.csproj", "{020FF785-7F1F-444B-8AF1-B72FC4D1B5C8}"
EndProject
Project("{2150E333-8FDC-42A3-9474-1A3956D46DE8}") = "Tests", "Tests", "{CD90A4BF-CF50-4314-B7ED-FD4C36731112}"
EndProject
Project("{9A19103F-16F7-4668-BE54-9A1E7A4F7556}") = "User.API.UnitTest", "User.API.UnitTest\User.API.UnitTest.csproj", "{51C25FB7-DD49-481E-8B60-D0E9611365E6}"
EndProject
Project("{2150E333-8FDC-42A3-9474-1A3956D46DE8}") = "Build", "Build", "{0FFE3B78-DD72-4F1E-B939-218032BA8CBC}"
EndProject
Project("{9A19103F-16F7-4668-BE54-9A1E7A4F7556}") = "User.Identity", "User.Identity\User.Identity.csproj", "{8B54C6F1-9D50-417F-8A96-A8C20F81167A}"
EndProject
Project("{9A19103F-16F7-4668-BE54-9A1E7A4F7556}") = "Gateway.Api", "Gateway.Api\Gateway.Api.csproj", "{5CAA2938-3D91-4E85-BBB7-387BF36F3FED}"
EndProject
Project("{2150E333-8FDC-42A3-9474-1A3956D46DE8}") = "BuildingBlocks", "BuildingBlocks", "{472F908A-B7C7-4959-B2C8-3B5A99D16C37}"
EndProject
Project("{2150E333-8FDC-42A3-9474-1A3956D46DE8}") = "Resilience", "Resilience", "{DB507EFC-0988-4A14-A5DF-B2852EC33A0C}"
EndProject
Project("{9A19103F-16F7-4668-BE54-9A1E7A4F7556}") = "Resilience.Http", "..\Resilience.Http\Resilience.Http.csproj", "{D01605A8-6908-4172-82A3-F091BB88F8AE}"
EndProject
Project("{9A19103F-16F7-4668-BE54-9A1E7A4F7556}") = "Contact.Api", "..\Contact.Api\Contact.Api.csproj", "{0ED3AE1B-17C9-4521-A45F-088AFC7F6A65}"
EndProject
Project("{2150E333-8FDC-42A3-9474-1A3956D46DE8}") = "Project", "Project", "{F715B119-6DD4-439A-8968-F10D28CEE396}"
EndProject
Project("{9A19103F-16F7-4668-BE54-9A1E7A4F7556}") = "Project.Api", "Project.Api\Project.Api.csproj", "{555615F2-3C84-4819-A6A2-43635EFB458E}"
EndProject
Project("{9A19103F-16F7-4668-BE54-9A1E7A4F7556}") = "Project.Domain", "Project.Domain\Project.Domain.csproj", "{778457B9-C57E-4855-A5F3-2AC83C9A2048}"
EndProject
Project("{9A19103F-16F7-4668-BE54-9A1E7A4F7556}") = "Project.Infrastructure", "Project.Infrastructure\Project.Infrastructure.csproj", "{BCE1E8FD-CB2D-4B12-BCDD-29316F9D79FD}"
EndProject
Project("{9A19103F-16F7-4668-BE54-9A1E7A4F7556}") = "Resilience.Consul", "Resilience.Consul\Resilience.Consul.csproj", "{789B8618-FF77-42FC-A325-7CEE5BF35ADC}"
EndProject
Project("{9A19103F-16F7-4668-BE54-9A1E7A4F7556}") = "Resilience.Identity", "Resilience.Identity\Resilience.Identity.csproj", "{C5348A5F-8F69-4169-8E42-15FB082D23C9}"
EndProject
Project("{9A19103F-16F7-4668-BE54-9A1E7A4F7556}") = "Recommend.Api", "..\Recommend.Api\Recommend.Api.csproj", "{5DFFE823-AC19-4865-B0A7-85B588384D6E}"
EndProject
Project("{2150E333-8FDC-42A3-9474-1A3956D46DE8}") = "EventBus", "EventBus", "{28BC68CF-5662-454B-9DB0-6B08E62CEA38}"
EndProject
Project("{FAE04EC0-301F-11D3-BF4B-00C04F79EFBC}") = "ResilienceEventBus", "ResilienceEventBus\ResilienceEventBus.csproj", "{A9BB7F7A-75BB-4BA5-85DA-143EB079DD1D}"
EndProject
Project("{FAE04EC0-301F-11D3-BF4B-00C04F79EFBC}") = "ResilienceEventBusRabbitMQ", "ResilienceEventBusRabbitMQ\ResilienceEventBusRabbitMQ.csproj", "{9361E26D-7DC6-4F8B-91F2-ADE34BB93650}"
EndProject
Project("{FAE04EC0-301F-11D3-BF4B-00C04F79EFBC}") = "ResilienceEventBusServiceBus", "ResilienceEventBusServiceBus\ResilienceEventBusServiceBus.csproj", "{E56BD44B-C7EC-4A82-8D69-66AA680C7D05}"
EndProject
Project("{FAE04EC0-301F-11D3-BF4B-00C04F79EFBC}") = "ResilienceIntegrationEventLogEF", "ResilienceIntegrationEventLogEF\ResilienceIntegrationEventLogEF.csproj", "{5BFD6377-3AFA-4754-AC64-E0CDC3787D9B}"
EndProject
Global
	GlobalSection(SolutionConfigurationPlatforms) = preSolution
		Debug|Any CPU = Debug|Any CPU
		Release|Any CPU = Release|Any CPU
	EndGlobalSection
	GlobalSection(ProjectConfigurationPlatforms) = postSolution
		{020FF785-7F1F-444B-8AF1-B72FC4D1B5C8}.Debug|Any CPU.ActiveCfg = Debug|Any CPU
		{020FF785-7F1F-444B-8AF1-B72FC4D1B5C8}.Debug|Any CPU.Build.0 = Debug|Any CPU
		{020FF785-7F1F-444B-8AF1-B72FC4D1B5C8}.Release|Any CPU.ActiveCfg = Release|Any CPU
		{020FF785-7F1F-444B-8AF1-B72FC4D1B5C8}.Release|Any CPU.Build.0 = Release|Any CPU
		{51C25FB7-DD49-481E-8B60-D0E9611365E6}.Debug|Any CPU.ActiveCfg = Debug|Any CPU
		{51C25FB7-DD49-481E-8B60-D0E9611365E6}.Debug|Any CPU.Build.0 = Debug|Any CPU
		{51C25FB7-DD49-481E-8B60-D0E9611365E6}.Release|Any CPU.ActiveCfg = Release|Any CPU
		{51C25FB7-DD49-481E-8B60-D0E9611365E6}.Release|Any CPU.Build.0 = Release|Any CPU
		{8B54C6F1-9D50-417F-8A96-A8C20F81167A}.Debug|Any CPU.ActiveCfg = Debug|Any CPU
		{8B54C6F1-9D50-417F-8A96-A8C20F81167A}.Debug|Any CPU.Build.0 = Debug|Any CPU
		{8B54C6F1-9D50-417F-8A96-A8C20F81167A}.Release|Any CPU.ActiveCfg = Release|Any CPU
		{8B54C6F1-9D50-417F-8A96-A8C20F81167A}.Release|Any CPU.Build.0 = Release|Any CPU
		{5CAA2938-3D91-4E85-BBB7-387BF36F3FED}.Debug|Any CPU.ActiveCfg = Debug|Any CPU
		{5CAA2938-3D91-4E85-BBB7-387BF36F3FED}.Debug|Any CPU.Build.0 = Debug|Any CPU
		{5CAA2938-3D91-4E85-BBB7-387BF36F3FED}.Release|Any CPU.ActiveCfg = Release|Any CPU
		{5CAA2938-3D91-4E85-BBB7-387BF36F3FED}.Release|Any CPU.Build.0 = Release|Any CPU
		{D01605A8-6908-4172-82A3-F091BB88F8AE}.Debug|Any CPU.ActiveCfg = Debug|Any CPU
		{D01605A8-6908-4172-82A3-F091BB88F8AE}.Debug|Any CPU.Build.0 = Debug|Any CPU
		{D01605A8-6908-4172-82A3-F091BB88F8AE}.Release|Any CPU.ActiveCfg = Release|Any CPU
		{D01605A8-6908-4172-82A3-F091BB88F8AE}.Release|Any CPU.Build.0 = Release|Any CPU
		{0ED3AE1B-17C9-4521-A45F-088AFC7F6A65}.Debug|Any CPU.ActiveCfg = Debug|Any CPU
		{0ED3AE1B-17C9-4521-A45F-088AFC7F6A65}.Debug|Any CPU.Build.0 = Debug|Any CPU
		{0ED3AE1B-17C9-4521-A45F-088AFC7F6A65}.Release|Any CPU.ActiveCfg = Release|Any CPU
		{0ED3AE1B-17C9-4521-A45F-088AFC7F6A65}.Release|Any CPU.Build.0 = Release|Any CPU
		{555615F2-3C84-4819-A6A2-43635EFB458E}.Debug|Any CPU.ActiveCfg = Debug|Any CPU
		{555615F2-3C84-4819-A6A2-43635EFB458E}.Debug|Any CPU.Build.0 = Debug|Any CPU
		{555615F2-3C84-4819-A6A2-43635EFB458E}.Release|Any CPU.ActiveCfg = Release|Any CPU
		{555615F2-3C84-4819-A6A2-43635EFB458E}.Release|Any CPU.Build.0 = Release|Any CPU
		{778457B9-C57E-4855-A5F3-2AC83C9A2048}.Debug|Any CPU.ActiveCfg = Debug|Any CPU
		{778457B9-C57E-4855-A5F3-2AC83C9A2048}.Debug|Any CPU.Build.0 = Debug|Any CPU
		{778457B9-C57E-4855-A5F3-2AC83C9A2048}.Release|Any CPU.ActiveCfg = Release|Any CPU
		{778457B9-C57E-4855-A5F3-2AC83C9A2048}.Release|Any CPU.Build.0 = Release|Any CPU
		{BCE1E8FD-CB2D-4B12-BCDD-29316F9D79FD}.Debug|Any CPU.ActiveCfg = Debug|Any CPU
		{BCE1E8FD-CB2D-4B12-BCDD-29316F9D79FD}.Debug|Any CPU.Build.0 = Debug|Any CPU
		{BCE1E8FD-CB2D-4B12-BCDD-29316F9D79FD}.Release|Any CPU.ActiveCfg = Release|Any CPU
		{BCE1E8FD-CB2D-4B12-BCDD-29316F9D79FD}.Release|Any CPU.Build.0 = Release|Any CPU
		{789B8618-FF77-42FC-A325-7CEE5BF35ADC}.Debug|Any CPU.ActiveCfg = Debug|Any CPU
		{789B8618-FF77-42FC-A325-7CEE5BF35ADC}.Debug|Any CPU.Build.0 = Debug|Any CPU
		{789B8618-FF77-42FC-A325-7CEE5BF35ADC}.Release|Any CPU.ActiveCfg = Release|Any CPU
		{789B8618-FF77-42FC-A325-7CEE5BF35ADC}.Release|Any CPU.Build.0 = Release|Any CPU
		{C5348A5F-8F69-4169-8E42-15FB082D23C9}.Debug|Any CPU.ActiveCfg = Debug|Any CPU
		{C5348A5F-8F69-4169-8E42-15FB082D23C9}.Debug|Any CPU.Build.0 = Debug|Any CPU
		{C5348A5F-8F69-4169-8E42-15FB082D23C9}.Release|Any CPU.ActiveCfg = Release|Any CPU
		{C5348A5F-8F69-4169-8E42-15FB082D23C9}.Release|Any CPU.Build.0 = Release|Any CPU
		{5DFFE823-AC19-4865-B0A7-85B588384D6E}.Debug|Any CPU.ActiveCfg = Debug|Any CPU
		{5DFFE823-AC19-4865-B0A7-85B588384D6E}.Debug|Any CPU.Build.0 = Debug|Any CPU
		{5DFFE823-AC19-4865-B0A7-85B588384D6E}.Release|Any CPU.ActiveCfg = Release|Any CPU
		{5DFFE823-AC19-4865-B0A7-85B588384D6E}.Release|Any CPU.Build.0 = Release|Any CPU
		{A9BB7F7A-75BB-4BA5-85DA-143EB079DD1D}.Debug|Any CPU.ActiveCfg = Debug|Any CPU
		{A9BB7F7A-75BB-4BA5-85DA-143EB079DD1D}.Debug|Any CPU.Build.0 = Debug|Any CPU
		{A9BB7F7A-75BB-4BA5-85DA-143EB079DD1D}.Release|Any CPU.ActiveCfg = Release|Any CPU
		{A9BB7F7A-75BB-4BA5-85DA-143EB079DD1D}.Release|Any CPU.Build.0 = Release|Any CPU
		{9361E26D-7DC6-4F8B-91F2-ADE34BB93650}.Debug|Any CPU.ActiveCfg = Debug|Any CPU
		{9361E26D-7DC6-4F8B-91F2-ADE34BB93650}.Debug|Any CPU.Build.0 = Debug|Any CPU
		{9361E26D-7DC6-4F8B-91F2-ADE34BB93650}.Release|Any CPU.ActiveCfg = Release|Any CPU
		{9361E26D-7DC6-4F8B-91F2-ADE34BB93650}.Release|Any CPU.Build.0 = Release|Any CPU
		{E56BD44B-C7EC-4A82-8D69-66AA680C7D05}.Debug|Any CPU.ActiveCfg = Debug|Any CPU
		{E56BD44B-C7EC-4A82-8D69-66AA680C7D05}.Debug|Any CPU.Build.0 = Debug|Any CPU
		{E56BD44B-C7EC-4A82-8D69-66AA680C7D05}.Release|Any CPU.ActiveCfg = Release|Any CPU
		{E56BD44B-C7EC-4A82-8D69-66AA680C7D05}.Release|Any CPU.Build.0 = Release|Any CPU
		{5BFD6377-3AFA-4754-AC64-E0CDC3787D9B}.Debug|Any CPU.ActiveCfg = Debug|Any CPU
		{5BFD6377-3AFA-4754-AC64-E0CDC3787D9B}.Debug|Any CPU.Build.0 = Debug|Any CPU
		{5BFD6377-3AFA-4754-AC64-E0CDC3787D9B}.Release|Any CPU.ActiveCfg = Release|Any CPU
		{5BFD6377-3AFA-4754-AC64-E0CDC3787D9B}.Release|Any CPU.Build.0 = Release|Any CPU
	EndGlobalSection
	GlobalSection(SolutionProperties) = preSolution
		HideSolutionNode = FALSE
	EndGlobalSection
	GlobalSection(NestedProjects) = preSolution
		{51C25FB7-DD49-481E-8B60-D0E9611365E6} = {CD90A4BF-CF50-4314-B7ED-FD4C36731112}
		{DB507EFC-0988-4A14-A5DF-B2852EC33A0C} = {472F908A-B7C7-4959-B2C8-3B5A99D16C37}
		{D01605A8-6908-4172-82A3-F091BB88F8AE} = {DB507EFC-0988-4A14-A5DF-B2852EC33A0C}
		{555615F2-3C84-4819-A6A2-43635EFB458E} = {F715B119-6DD4-439A-8968-F10D28CEE396}
		{778457B9-C57E-4855-A5F3-2AC83C9A2048} = {F715B119-6DD4-439A-8968-F10D28CEE396}
		{BCE1E8FD-CB2D-4B12-BCDD-29316F9D79FD} = {F715B119-6DD4-439A-8968-F10D28CEE396}
		{789B8618-FF77-42FC-A325-7CEE5BF35ADC} = {DB507EFC-0988-4A14-A5DF-B2852EC33A0C}
		{C5348A5F-8F69-4169-8E42-15FB082D23C9} = {DB507EFC-0988-4A14-A5DF-B2852EC33A0C}
		{28BC68CF-5662-454B-9DB0-6B08E62CEA38} = {DB507EFC-0988-4A14-A5DF-B2852EC33A0C}
		{A9BB7F7A-75BB-4BA5-85DA-143EB079DD1D} = {28BC68CF-5662-454B-9DB0-6B08E62CEA38}
		{9361E26D-7DC6-4F8B-91F2-ADE34BB93650} = {28BC68CF-5662-454B-9DB0-6B08E62CEA38}
		{E56BD44B-C7EC-4A82-8D69-66AA680C7D05} = {28BC68CF-5662-454B-9DB0-6B08E62CEA38}
		{5BFD6377-3AFA-4754-AC64-E0CDC3787D9B} = {28BC68CF-5662-454B-9DB0-6B08E62CEA38}
	EndGlobalSection
	GlobalSection(ExtensibilityGlobals) = postSolution
		SolutionGuid = {40641617-9987-4CDA-833B-44C4DFC47B9B}
	EndGlobalSection
EndGlobal
